#MicroXplorer Configuration settings - do not modify
PB13.GPIOParameters=GPIO_Label
PD12.GPIO_Label=VVT
SH.S_TIM1_CH4.0=TIM1_CH4,PWM Generation4 CH4
PE11.GPIOParameters=GPIO_Label
SPI1.VirtualType=VM_MASTER
PC12.Locked=true
TIM1.IPParameters=Channel-PWM Generation1 CH1,Channel-PWM Generation3 CH3,Channel-PWM Generation4 CH4,Channel-PWM Generation2 CH2
PG4.Signal=GPIO_Analog
PG4.Locked=true
RCC.PLLCLKFreq_Value=120000000
PC12.Signal=SDIO_CK
PB14.GPIO_Label=FAN
RCC.PLLQCLKFreq_Value=48000000
PD3.GPIOParameters=GPIO_Label
VP_RTC_VS_RTC_Activate.Mode=RTC_Enabled
PC3.Locked=true
RCC.RTCFreq_Value=32768
PA3.GPIOParameters=GPIO_Label
PD0.Locked=true
PD4.Locked=true
SH.S_TIM1_CH1.ConfNb=1
SH.S_TIM4_CH4.ConfNb=1
PB13.Signal=GPIO_Input
PA2.GPIOParameters=GPIO_Label
PinOutPanel.RotationAngle=0
RCC.SYSCLKSource=RCC_SYSCLKSOURCE_HSE
NVIC.SVCall_IRQn=true\:0\:0\:false\:false\:true\:false\:false
SH.GPXTI3.ConfNb=1
PA4.Mode=NSS_Signal_Hard_Input
PF7.Signal=UART7_TX
RCC.LCDTFTFreq_Value=20416666.666666668
SH.S_TIM14_CH1.0=TIM14_CH1,PWM Generation1 CH1
SPI1.Direction=SPI_DIRECTION_2LINES
TIM2.IPParameters=Channel-PWM Generation1 CH1,Channel-PWM Generation2 CH2,Channel-PWM Generation3 CH3,Channel-PWM Generation4 CH4
PD4.Signal=GPXTI4
RCC.APB2TimFreq_Value=25000000
PB6.Signal=I2C1_SCL
PH1/OSC_OUT.Signal=RCC_OSC_OUT
PB6.Mode=I2C
SPI1.CalculateBaudRate=12.5 MBits/s
PC3.Signal=GPIO_Analog
PD0.Signal=CAN1_RX
VP_TIM2_VS_ClockSourceINT.Signal=TIM2_VS_ClockSourceINT
PE5.Signal=S_TIM9_CH1
PB13.Locked=true
PE14.Locked=true
ProjectManager.ProjectBuild=false
TIM4.Channel-PWM\ Generation3\ CH3=TIM_CHANNEL_3
NVIC.UsageFault_IRQn=true\:0\:0\:false\:false\:true\:false\:false
PB3.Mode=Trace_Asynchronous_SW
PA8.Locked=true
PA4.Locked=true
PB12.GPIO_Label=LAUNCH
ProjectManager.FirmwarePackage=STM32Cube FW_F4 V1.26.1
MxDb.Version=DB.6.0.21
PB0.GPIOParameters=GPIO_Label
PA1.GPIOParameters=GPIO_Label
ProjectManager.BackupPrevious=false
PC4.GPIO_Label=BAT
TIM1.Channel-PWM\ Generation1\ CH1=TIM_CHANNEL_1
PE9.Signal=S_TIM1_CH1
PE9.Locked=true
PB1.GPIO_Label=TPS
SH.ADCx_IN8.0=ADC1_IN8,IN8
PC9.Mode=SD_4_bits_Wide_bus
SH.S_TIM4_CH2.0=TIM4_CH2,PWM Generation2 CH2
PA8.Signal=GPIO_Output
SPI1.VirtualNSS=VM_NSSHARD
PB6.Locked=true
NVIC.PendSV_IRQn=true\:0\:0\:false\:false\:true\:false\:false
PB14.Stacked=true
ProjectManager.HalAssertFull=false
VP_TIM1_VS_ClockSourceINT.Mode=Internal
RCC.MCO2PinFreq_Value=25000000
Mcu.Package=LQFP144
PB9.Signal=S_TIM4_CH4
PB1.Signal=ADCx_IN9
PF8.GPIOParameters=GPIO_Label
PA5.Locked=true
PD12.Signal=S_TIM4_CH1
PD5.GPIOParameters=GPIO_Label
PA14.Locked=true
VP_SYS_VS_Systick.Signal=SYS_VS_Systick
PA10.Signal=GPIO_Output
PF7.Locked=true
PC11.Mode=SD_4_bits_Wide_bus
SH.ADCx_IN9.0=ADC1_IN9,IN9
PB14.GPIOParameters=GPIO_Label
SH.S_TIM12_CH2.0=TIM12_CH2,PWM Generation2 CH2
SH.S_TIM4_CH1.0=TIM4_CH1,PWM Generation1 CH1
RCC.APB1TimFreq_Value=25000000
NVIC.BusFault_IRQn=true\:0\:0\:false\:false\:true\:false\:false
SH.ADCx_IN9.ConfNb=1
USB_OTG_FS.IPParameters=VirtualMode
PB10.GPIOParameters=GPIO_Label
VP_TIM14_VS_ClockSourceINT.Mode=Enable_Timer
PE6.Locked=true
SH.S_TIM2_CH4.ConfNb=1
TIM14.IPParameters=Channel
TIM4.Channel-PWM\ Generation4\ CH4=TIM_CHANNEL_4
PD5.Locked=true
CAN1.CalculateTimeBit=1920.00
ProjectManager.CustomerFirmwarePackage=
PC4.GPIOParameters=GPIO_Label
RCC.SAI_AClocksFreq_Value=20416666.666666668
CAN1.CalculateTimeQuantum=640.0
PA5.Mode=Full_Duplex_Master
TIM9.Channel-PWM\ Generation2\ CH2=TIM_CHANNEL_2
SH.S_TIM4_CH1.ConfNb=1
PA0/WKUP.GPIOParameters=GPIO_Label
TIM9.Channel-PWM\ Generation1\ CH1=TIM_CHANNEL_1
ProjectManager.ProjectFileName=DaveECUTestFW.ioc
Mcu.PinsNb=73
PC11.Locked=true
Mcu.Pin71=VP_TIM14_VS_ClockSourceINT
Mcu.Pin72=VP_USB_DEVICE_VS_USB_DEVICE_CDC_FS
ADC1.IPParameters=Rank-1\#ChannelRegularConversion,master,Channel-1\#ChannelRegularConversion,SamplingTime-1\#ChannelRegularConversion,NbrOfConversionFlag
PG5.Locked=true
PG5.Signal=GPIO_Analog
PA9.GPIO_Label=RN1
PG3.Locked=true
CAN1.IPParameters=CalculateTimeQuantum,CalculateTimeBit,CalculateBaudRate
PD3.Signal=GPXTI3
CAN1.CalculateBaudRate=520833
Mcu.Pin70=VP_TIM13_VS_ClockSourceINT
PB11.GPIO_Label=IGN4
PD1.Signal=CAN1_TX
RCC.VCOSAIOutputFreq_ValueQ=20416666.666666668
RCC.VCOSAIOutputFreq_ValueR=40833333.333333336
Mcu.Pin68=VP_TIM9_VS_ClockSourceINT
Mcu.Pin69=VP_TIM12_VS_ClockSourceINT
PB14.Locked=true
Mcu.Pin62=VP_RTC_VS_RTC_Activate
Mcu.Pin63=VP_RTC_VS_RTC_WakeUp_intern
Mcu.Pin60=PB8
SH.S_TIM2_CH1_ETR.ConfNb=1
Mcu.Pin61=PB9
Mcu.Pin66=VP_TIM2_VS_ClockSourceINT
Mcu.Pin67=VP_TIM4_VS_ClockSourceINT
Mcu.Pin64=VP_SYS_VS_Systick
Mcu.Pin65=VP_TIM1_VS_ClockSourceINT
VP_TIM9_VS_ClockSourceINT.Signal=TIM9_VS_ClockSourceINT
PF8.GPIO_Label=BOOST
PC3.GPIOParameters=GPIO_Label
PB8.GPIO_Label=TACH
PA11.Locked=true
PA8.GPIO_Label=CEL
Mcu.Pin59=PB7
Mcu.Pin57=PB3
Mcu.Pin58=PB6
TIM13.Channel=TIM_CHANNEL_1
TIM4.IPParameters=Channel-PWM Generation4 CH4,Channel-PWM Generation3 CH3,Channel-PWM Generation1 CH1,Channel-PWM Generation2 CH2
SH.S_TIM9_CH2.0=TIM9_CH2,PWM Generation2 CH2
Mcu.Pin51=PD0
Mcu.Pin52=PD1
Mcu.Pin50=PC12
Mcu.Pin55=PD4
Mcu.Pin56=PD5
Mcu.Pin53=PD2
Mcu.Pin54=PD3
PA9.Signal=GPIO_Output
VP_TIM1_VS_ClockSourceINT.Signal=TIM1_VS_ClockSourceINT
SH.S_TIM2_CH2.ConfNb=1
TIM1.Channel-PWM\ Generation2\ CH2=TIM_CHANNEL_2
PB11.GPIOParameters=GPIO_Label
PB9.Locked=true
PE9.GPIO_Label=INJ1
Mcu.Pin48=PC10
Mcu.Pin49=PC11
Mcu.Pin46=PA13
Mcu.Pin47=PA14
PB10.Signal=S_TIM2_CH3
TIM13.IPParameters=Channel
PB14.Signal=SharedStack_PB14
PA5.Signal=SPI1_SCK
Mcu.Pin40=PC9
Mcu.Pin41=PA8
PE13.GPIOParameters=GPIO_Label
Mcu.Pin44=PA11
PC12.Mode=SD_4_bits_Wide_bus
Mcu.Pin45=PA12
Mcu.Pin42=PA9
Mcu.Pin43=PA10
ProjectManager.LastFirmware=true
PD1.Mode=CAN_Activate
VP_TIM13_VS_ClockSourceINT.Mode=Enable_Timer
PE14.Signal=S_TIM1_CH4
TIM14.Channel=TIM_CHANNEL_1
Mcu.Pin37=PG4
Mcu.Pin38=PG5
Mcu.Pin35=PG2
PB15.GPIO_Label=VVT
Mcu.Pin36=PG3
SPI1.Mode=SPI_MODE_MASTER
Mcu.Pin39=PC8
VP_TIM12_VS_ClockSourceINT.Signal=TIM12_VS_ClockSourceINT
Mcu.Pin30=PB13
PA1.GPIO_Label=IGN2
RCC.EthernetFreq_Value=25000000
SH.S_TIM9_CH1.0=TIM9_CH1,PWM Generation1 CH1
Mcu.Pin33=PD12
PA0/WKUP.GPIO_Label=IGN1
Mcu.Pin34=PD13
Mcu.Pin31=PB14
RCC.RCC_RTC_Clock_SourceVirtual=RCC_RTCCLKSOURCE_LSE
Mcu.Pin32=PB15
PA9.Locked=true
NVIC.NonMaskableInt_IRQn=true\:0\:0\:false\:false\:true\:false\:false
SH.S_TIM2_CH3.ConfNb=1
PA13.Mode=Trace_Asynchronous_SW
ProjectManager.FreePins=false
PF9.GPIOParameters=GPIO_Label
Mcu.Pin26=PE14
Mcu.Pin27=PB10
RCC.RTCHSEDivFreq_Value=12500000
Mcu.Pin24=PE11
ProjectManager.UnderRoot=true
PE13.Locked=true
Mcu.Pin25=PE13
Mcu.Pin28=PB11
Mcu.Pin29=PB12
PC8.Mode=SD_4_bits_Wide_bus
PA4.Signal=SPI1_NSS
ADC1.SamplingTime-1\#ChannelRegularConversion=ADC_SAMPLETIME_3CYCLES
Mcu.Pin22=PB1
Mcu.Pin23=PE9
Mcu.Pin20=PC5
ADC1.master=1
PA3.Locked=true
Mcu.Pin21=PB0
PE13.GPIO_Label=INJ3
PA10.Locked=true
NVIC.ForceEnableDMAVector=true
NVIC.MemoryManagement_IRQn=true\:0\:0\:false\:false\:true\:false\:false
ProjectManager.CompilerOptimize=6
ADC1.Rank-1\#ChannelRegularConversion=1
PA11.Signal=USB_OTG_FS_DM
SH.S_TIM2_CH1_ETR.0=TIM2_CH1,PWM Generation1 CH1
ProjectManager.HeapSize=0x200
Mcu.Pin15=PA4
NVIC.HardFault_IRQn=true\:0\:0\:false\:false\:true\:false\:false
Mcu.Pin16=PA5
Mcu.Pin13=PA2
UART7.IPParameters=VirtualMode
Mcu.Pin14=PA3
PF8.Locked=true
Mcu.Pin19=PC4
PF6.Mode=Asynchronous
ProjectManager.ComputerToolchain=false
PF9.Signal=S_TIM14_CH1
Mcu.Pin17=PA6
Mcu.Pin18=PA7
VP_TIM4_VS_ClockSourceINT.Mode=Internal
NVIC.PriorityGroup=NVIC_PRIORITYGROUP_4
Mcu.Pin11=PA0/WKUP
Mcu.Pin12=PA1
Mcu.Pin10=PC3
PC3.GPIO_Label=O2
PC15/OSC32_OUT.Signal=RCC_OSC32_OUT
TIM1.Channel-PWM\ Generation3\ CH3=TIM_CHANNEL_3
PD2.Signal=SDIO_CMD
PD1.Locked=true
PB0.Signal=ADCx_IN8
SH.S_TIM1_CH4.ConfNb=1
TIM12.IPParameters=Channel-PWM Generation1 CH1,Channel-PWM Generation2 CH2
PB12.GPIOParameters=GPIO_Label
Mcu.Family=STM32F4
ProjectManager.MainLocation=Core/Src
PA6.Mode=Full_Duplex_Master
SH.S_TIM4_CH2.ConfNb=1
USB_DEVICE.CLASS_NAME_FS=CDC
SH.SharedStack_PB14.0=TIM12_CH1,PWM Generation1 CH1
RCC.CortexFreq_Value=25000000
ProjectManager.KeepUserCode=true
Mcu.UserName=STM32F429ZGTx
PG2.Signal=GPIO_Analog
PE11.GPIO_Label=INJ2
PC10.Locked=true
TIM12.Channel-PWM\ Generation2\ CH2=TIM_CHANNEL_2
PC10.Signal=SDIO_D2
PG2.Locked=true
PC5.Locked=true
ProjectManager.functionlistsort=1-MX_GPIO_Init-GPIO-false-HAL-true,2-SystemClock_Config-RCC-false-HAL-false,3-MX_ADC1_Init-ADC1-false-HAL-true,4-MX_CAN1_Init-CAN1-false-HAL-true,5-MX_RTC_Init-RTC-false-HAL-true,6-MX_SDIO_SD_Init-SDIO-false-HAL-true,7-MX_SPI1_Init-SPI1-false-HAL-true,8-MX_TIM1_Init-TIM1-false-HAL-true,9-MX_TIM2_Init-TIM2-false-HAL-true,10-MX_TIM4_Init-TIM4-false-HAL-true,11-MX_TIM9_Init-TIM9-false-HAL-true,12-MX_TIM12_Init-TIM12-false-HAL-true,13-MX_TIM13_Init-TIM13-false-HAL-true,14-MX_TIM14_Init-TIM14-false-HAL-true,15-MX_UART7_Init-UART7-false-HAL-true,16-MX_USB_DEVICE_Init-USB_DEVICE-false-HAL-false
PA9.GPIOParameters=GPIO_Label
PA11.Mode=Device_Only
PA0/WKUP.Signal=S_TIM2_CH1_ETR
PC9.Locked=true
PC14/OSC32_IN.Mode=LSE-External-Oscillator
PB0.GPIO_Label=IAT
USB_DEVICE.VirtualMode-CDC_FS=Cdc
PD2.Locked=true
SH.S_TIM1_CH3.ConfNb=1
TIM2.Channel-PWM\ Generation2\ CH2=TIM_CHANNEL_2
PB13.GPIO_Label=AC
PB11.Signal=S_TIM2_CH4
PB15.Signal=S_TIM12_CH2
SH.S_TIM13_CH1.0=TIM13_CH1,PWM Generation1 CH1
ProjectManager.StackSize=0x400
RCC.SAI_BClocksFreq_Value=20416666.666666668
PD13.Signal=S_TIM4_CH2
Mcu.IP4=RCC
RCC.FCLKCortexFreq_Value=25000000
Mcu.IP5=RTC
Mcu.IP2=I2C1
PD13.Locked=true
Mcu.IP3=NVIC
Mcu.IP0=ADC1
PA12.Locked=true
Mcu.IP1=CAN1
PA12.Signal=USB_OTG_FS_DP
PF9.Locked=true
Mcu.UserConstants=
RCC.RCC_RTC_Clock_Source=RCC_RTCCLKSOURCE_LSE
Mcu.ThirdPartyNb=0
TIM1.Channel-PWM\ Generation4\ CH4=TIM_CHANNEL_4
PH0/OSC_IN.Mode=HSE-External-Oscillator
RCC.HCLKFreq_Value=25000000
Mcu.IPNb=19
RCC.I2SClocksFreq_Value=41666666.66666667
ProjectManager.PreviousToolchain=
RCC.VcooutputI2S=41666666.66666667
PA0/WKUP.Locked=true
PA8.GPIOParameters=GPIO_Label
Mcu.Pin6=PF8
Mcu.Pin7=PF9
Mcu.Pin8=PH0/OSC_IN
Mcu.Pin9=PH1/OSC_OUT
RCC.VCOSAIOutputFreq_Value=81666666.66666667
RCC.AHBFreq_Value=25000000
Mcu.Pin0=PE5
Mcu.Pin1=PE6
GPIO.groupedBy=Group By Peripherals
Mcu.Pin2=PC14/OSC32_IN
Mcu.Pin3=PC15/OSC32_OUT
Mcu.Pin4=PF6
Mcu.Pin5=PF7
RCC.HSE_VALUE=25000000
NVIC.DebugMonitor_IRQn=true\:0\:0\:false\:false\:true\:false\:false
Mcu.IP10=TIM2
NVIC.SysTick_IRQn=true\:0\:0\:false\:false\:true\:false\:true
Mcu.IP12=TIM9
Mcu.IP11=TIM4
Mcu.IP18=USB_OTG_FS
SH.S_TIM12_CH2.ConfNb=1
Mcu.IP17=USB_DEVICE
Mcu.IP14=TIM13
Mcu.IP13=TIM12
PE13.Signal=S_TIM1_CH3
Mcu.IP16=UART7
Mcu.IP15=TIM14
RCC.VCOInputFreq_Value=1666666.6666666667
PA14.Mode=Trace_Asynchronous_SW
File.Version=6
PA10.GPIO_Label=RN2
PB7.Signal=I2C1_SDA
PB8.Locked=true
VP_TIM12_VS_ClockSourceINT.Mode=Internal
TIM2.Channel-PWM\ Generation1\ CH1=TIM_CHANNEL_1
PH1/OSC_OUT.Mode=HSE-External-Oscillator
PB0.Locked=true
ProjectManager.ProjectName=DaveECUTestFW
PA6.Signal=SPI1_MISO
PA7.Locked=true
RCC.EnbaleCSS=true
PC14/OSC32_IN.Signal=RCC_OSC32_IN
PD5.GPIO_Label=FLEX
NVIC.OTG_FS_IRQn=true\:0\:0\:false\:false\:true\:false\:true
ProjectManager.ToolChainLocation=
PA2.GPIO_Label=MAP
RCC.LSI_VALUE=32000
SH.GPXTI5.ConfNb=1
USB_OTG_FS.VirtualMode=Device_Only
PF8.Signal=S_TIM13_CH1
VP_TIM13_VS_ClockSourceINT.Signal=TIM13_VS_ClockSourceINT
VP_USB_DEVICE_VS_USB_DEVICE_CDC_FS.Signal=USB_DEVICE_VS_USB_DEVICE_CDC_FS
PC4.Locked=true
SH.S_TIM9_CH2.ConfNb=1
PC5.Signal=GPIO_Analog
PD3.GPIO_Label=CAM
TIM9.IPParameters=Channel-PWM Generation1 CH1,Channel-PWM Generation2 CH2
PB15.Locked=true
PB3.Locked=true
PA3.Signal=GPIO_Analog
PA2.Locked=true
VP_RTC_VS_RTC_Activate.Signal=RTC_VS_RTC_Activate
TIM4.Channel-PWM\ Generation1\ CH1=TIM_CHANNEL_1
SH.GPXTI5.0=GPIO_EXTI5
TIM2.Channel-PWM\ Generation4\ CH4=TIM_CHANNEL_4
PB8.GPIOParameters=GPIO_Label
PA7.Mode=Full_Duplex_Master
PE14.GPIOParameters=GPIO_Label
PB9.GPIO_Label=FUELPUMP
VP_TIM14_VS_ClockSourceINT.Signal=TIM14_VS_ClockSourceINT
ProjectManager.NoMain=false
SPI1.IPParameters=VirtualType,Mode,Direction,CalculateBaudRate,VirtualNSS
USB_DEVICE.VirtualModeFS=Cdc_FS
PG3.Signal=GPIO_Analog
SH.S_TIM4_CH4.0=TIM4_CH4,PWM Generation4 CH4
PC11.Signal=SDIO_D3
PC8.Signal=SDIO_D0
PC4.Signal=GPIO_Analog
PC10.Mode=SD_4_bits_Wide_bus
ProjectManager.DefaultFWLocation=true
PE14.GPIO_Label=INJ4
PD5.Signal=GPXTI5
PB12.Locked=true
ProjectManager.DeletePrevious=true
UART7.VirtualMode=Asynchronous
PB10.Locked=true
USB_DEVICE.IPParameters=VirtualMode-CDC_FS,VirtualModeFS,CLASS_NAME_FS
RCC.FamilyName=M
PE9.GPIOParameters=GPIO_Label
PB9.GPIOParameters=GPIO_Label
PD12.Locked=true
SH.SharedStack_PB14.ConfNb=1
PA13.Signal=SYS_JTMS-SWDIO
PF7.Mode=Asynchronous
SH.S_TIM2_CH2.0=TIM2_CH2,PWM Generation2 CH2
SH.S_TIM1_CH1.0=TIM1_CH1,PWM Generation1 CH1
PF6.Signal=UART7_RX
PD12.GPIOParameters=GPIO_Label
VP_TIM4_VS_ClockSourceINT.Signal=TIM4_VS_ClockSourceINT
ProjectManager.TargetToolchain=STM32CubeIDE
PB10.GPIO_Label=IGN3
SH.S_TIM13_CH1.ConfNb=1
PF6.Locked=true
SH.S_TIM4_CH3.0=TIM4_CH3,PWM Generation3 CH3
VP_USB_DEVICE_VS_USB_DEVICE_CDC_FS.Mode=CDC_FS
PC5.GPIOParameters=GPIO_Label
VP_RTC_VS_RTC_WakeUp_intern.Signal=RTC_VS_RTC_WakeUp_intern
ADC1.Channel-1\#ChannelRegularConversion=ADC_CHANNEL_8
RCC.VcooutputI2SQ=41666666.66666667
ProjectManager.RegisterCallBack=
PF9.GPIO_Label=IDLE
SH.S_TIM14_CH1.ConfNb=1
PE11.Signal=S_TIM1_CH2
PD3.Locked=true
PA1.Signal=S_TIM2_CH2
PB1.Locked=true
SH.S_TIM1_CH2.ConfNb=1
SH.S_TIM4_CH3.ConfNb=1
RCC.VCOI2SOutputFreq_Value=83333333.33333334
PD2.Mode=SD_4_bits_Wide_bus
board=custom
SH.GPXTI3.0=GPIO_EXTI3
RCC.VCOOutputFreq_Value=240000000
VP_TIM9_VS_ClockSourceINT.Mode=Internal
PH0/OSC_IN.Signal=RCC_OSC_IN
TIM12.Channel-PWM\ Generation1\ CH1=TIM_CHANNEL_1
TIM4.Channel-PWM\ Generation2\ CH2=TIM_CHANNEL_2
RCC.APB2Freq_Value=25000000
MxCube.Version=6.2.1
SH.S_TIM1_CH2.0=TIM1_CH2,PWM Generation2 CH2
VP_TIM2_VS_ClockSourceINT.Mode=Internal
SH.S_TIM2_CH3.0=TIM2_CH3,PWM Generation3 CH3
PD4.GPIO_Label=CRANK
PA10.GPIOParameters=GPIO_Label
PD4.GPIOParameters=GPIO_Label
VP_SYS_VS_Systick.Mode=SysTick
TIM2.Channel-PWM\ Generation3\ CH3=TIM_CHANNEL_3
PE5.Locked=true
SH.S_TIM9_CH1.ConfNb=1
SH.ADCx_IN8.ConfNb=1
PE6.Signal=S_TIM9_CH2
PB15.GPIOParameters=GPIO_Label
RCC.IPParameters=48MHZClocksFreq_Value,AHBFreq_Value,APB1Freq_Value,APB1TimFreq_Value,APB2Freq_Value,APB2TimFreq_Value,CortexFreq_Value,EnbaleCSS,EthernetFreq_Value,FCLKCortexFreq_Value,FamilyName,HCLKFreq_Value,HSE_VALUE,HSI_VALUE,I2SClocksFreq_Value,LCDTFTFreq_Value,LSI_VALUE,MCO2PinFreq_Value,PLLCLKFreq_Value,PLLI2SN,PLLM,PLLN,PLLQ,PLLQCLKFreq_Value,RCC_RTC_Clock_Source,RCC_RTC_Clock_SourceVirtual,RTCFreq_Value,RTCHSEDivFreq_Value,SAI_AClocksFreq_Value,SAI_BClocksFreq_Value,SYSCLKFreq_VALUE,SYSCLKSource,VCOI2SOutputFreq_Value,VCOInputFreq_Value,VCOOutputFreq_Value,VCOSAIOutputFreq_Value,VCOSAIOutputFreq_ValueQ,VCOSAIOutputFreq_ValueR,VcooutputI2S,VcooutputI2SQ
PE11.Locked=true
ProjectManager.AskForMigrate=true
Mcu.Name=STM32F429Z(E-G)Tx
PD0.Mode=CAN_Activate
PA2.Signal=GPIO_Analog
Mcu.IP8=SYS
Mcu.IP9=TIM1
Mcu.IP6=SDIO
Mcu.IP7=SPI1
ProjectManager.CoupleFile=false
RCC.48MHZClocksFreq_Value=48000000
PB3.Signal=SYS_JTDO-SWO
RCC.SYSCLKFreq_VALUE=25000000
PA1.Locked=true
PA12.Mode=Device_Only
SH.GPXTI4.0=GPIO_EXTI4
KeepUserPlacement=false
PC5.GPIO_Label=BARO
PC15/OSC32_OUT.Mode=LSE-External-Oscillator
PA13.Locked=true
PB7.Mode=I2C
PA14.Signal=SYS_JTCK-SWCLK
SH.S_TIM2_CH4.0=TIM2_CH4,PWM Generation4 CH4
SH.GPXTI4.ConfNb=1
SH.S_TIM1_CH3.0=TIM1_CH3,PWM Generation3 CH3
RCC.HSI_VALUE=16000000
VP_RTC_VS_RTC_WakeUp_intern.Mode=WakeUp
RCC.PLLQ=5
ADC1.NbrOfConversionFlag=1
RCC.PLLM=15
RCC.PLLN=144
PB7.Locked=true
PB8.Signal=S_TIM4_CH3
PC8.Locked=true
PC9.Signal=SDIO_D1
RCC.APB1Freq_Value=25000000
RCC.PLLI2SN=50
PB11.Locked=true
ProjectManager.DeviceId=STM32F429ZGTx
PB12.Signal=GPIO_Input
ProjectManager.LibraryCopy=1
PA3.GPIO_Label=CLT
PB1.GPIOParameters=GPIO_Label
PA7.Signal=SPI1_MOSI
PA6.Locked=true
isbadioc=false
